dependencies:
- name: postgresql
  repository: https://kubernetes-charts.storage.googleapis.com/
  version: 8.6.1
- name: kafka
  repository: https://kubernetes-charts-incubator.storage.googleapis.com/
  version: 0.20.8
- name: schema-registry
  repository: https://kubernetes-charts-incubator.storage.googleapis.com/
  version: 1.1.9
- name: schema-registry-ui
  repository: https://kubernetes-charts.storage.googleapis.com/
  version: 0.4.1
- name: flink
  repository: https://riskfocus.github.io/helm-charts-public/
  version: 0.1.4
- name: elasticsearch
  repository: https://kubernetes-charts.storage.googleapis.com/
  version: 1.32.4
- name: kibana
  repository: https://kubernetes-charts.storage.googleapis.com/
  version: 3.2.6
- name: logstash
  repository: https://kubernetes-charts.storage.googleapis.com/
  version: 2.4.0
- name: grafana
  repository: https://kubernetes-charts.storage.googleapis.com/
  version: 5.0.5
- name: influxdb
  repository: https://kubernetes-charts.storage.googleapis.com/
  version: 4.3.2
digest: sha256:f62a9c323903a4d80500bc9a0ec237ddcb652269a0208ee8d4a4c0d9bc1546b5
generated: "2020-03-09T12:15:25.699719992+01:00"
