dependencies:
- name: postgresql
  repository: https://kubernetes-charts.storage.googleapis.com/
  version: 8.6.0
- name: kafka
  repository: https://kubernetes-charts-incubator.storage.googleapis.com/
  version: 0.20.8
- name: schema-registry
  repository: https://kubernetes-charts-incubator.storage.googleapis.com/
  version: 1.1.9
- name: flink
  repository: https://riskfocus.github.io/helm-charts-public/
  version: 0.1.5
- name: elasticsearch
  repository: https://kubernetes-charts.storage.googleapis.com/
  version: 1.32.4
- name: kibana
  repository: https://kubernetes-charts.storage.googleapis.com/
  version: 3.2.6
- name: logstash
  repository: https://kubernetes-charts.storage.googleapis.com/
  version: 2.4.0
- name: grafana
  repository: https://kubernetes-charts.storage.googleapis.com/
  version: 5.0.5
- name: influxdb
  repository: https://kubernetes-charts.storage.googleapis.com/
  version: 4.3.1
digest: sha256:44d1e2243c9230de92baccbe6e38fda29c54993f06afd8379488470692686d48
generated: "2020-03-06T12:19:26.330063306+01:00"
