dependencies:
- name: postgresql
  repository: https://kubernetes-charts.storage.googleapis.com/
  version: 8.6.0
- name: kafka
  repository: http://storage.googleapis.com/kubernetes-charts-incubator
  version: 0.20.8
- name: schema-registry
  repository: http://storage.googleapis.com/kubernetes-charts-incubator
  version: 1.1.9
- name: flink
  repository: https://riskfocus.github.io/helm-charts-public
  version: 0.1.5
- name: elasticsearch
  repository: https://kubernetes-charts.storage.googleapis.com/
  version: 1.32.3
- name: kibana
  repository: https://kubernetes-charts.storage.googleapis.com/
  version: 3.2.6
- name: logstash
  repository: https://kubernetes-charts.storage.googleapis.com/
  version: 2.4.0
- name: grafana
  repository: https://kubernetes-charts.storage.googleapis.com/
  version: 5.0.5
- name: influxdb
  repository: https://kubernetes-charts.storage.googleapis.com/
  version: 4.3.1
digest: sha256:4c8e86fa76de63d5036b6721336365f557c6d6599ddfabedbec92e1f5bd6572f
generated: "2020-03-06T10:55:19.790126976+01:00"
