dependencies:
- name: postgresql
  repository: https://charts.bitnami.com/bitnami
  version: 12.1.15
- name: zookeeper
  repository: https://charts.bitnami.com/bitnami
  version: 11.0.3
- name: kafka
  repository: https://charts.bitnami.com/bitnami
  version: 20.0.6
- name: apicurio-registry
  repository: https://helm-charts.touk.pl/public/
  version: 0.1.5
- name: flink
  repository: https://riskfocus.github.io/helm-charts-public/
  version: 0.2.0
- name: grafana
  repository: https://grafana.github.io/helm-charts
  version: 6.55.0
- name: influxdb
  repository: https://helm.influxdata.com/
  version: 4.12.1
- name: telegraf
  repository: https://helm.influxdata.com/
  version: 1.8.27
digest: sha256:19eb7b345ed3f11e2111a6e8f33eb0740b3d49482d66410450f5aedb8d4074ad
generated: "2023-04-24T14:49:39.713428768+02:00"
