dependencies:
- name: postgresql
  repository: https://charts.bitnami.com/bitnami
  version: 12.1.15
- name: kafka
  repository: https://charts.bitnami.com/bitnami
  version: 22.1.6
- name: zookeeper
  repository: https://charts.bitnami.com/bitnami
  version: 11.0.3
- name: apicurio-registry
  repository: https://helm-charts.touk.pl/public/
  version: 0.1.5
- name: flink
  repository: https://riskfocus.github.io/helm-charts-public/
  version: 0.2.0
- name: grafana
  repository: https://grafana.github.io/helm-charts
  version: 8.3.1
- name: influxdb
  repository: https://helm.influxdata.com/
  version: 4.12.5
- name: telegraf
  repository: https://helm.influxdata.com/
  version: 1.8.50
digest: sha256:ecb6011017a1b0af172fc15c51069991dfb3137e412a21a802e03f58ce1b2c95
generated: "2024-07-04T12:55:33.281222+02:00"
