dependencies:
- name: postgresql
  repository: https://charts.bitnami.com/bitnami
  version: 12.1.15
- name: kafka
  repository: https://charts.bitnami.com/bitnami
  version: 22.1.6
- name: zookeeper
  repository: https://charts.bitnami.com/bitnami
  version: 11.0.3
- name: apicurio-registry
  repository: https://helm-charts.touk.pl/public/
  version: 0.1.5
- name: flink
  repository: https://riskfocus.github.io/helm-charts-public/
  version: 0.2.0
- name: grafana
  repository: https://grafana.github.io/helm-charts
  version: 6.61.2
- name: influxdb
  repository: https://helm.influxdata.com/
  version: 4.12.5
- name: telegraf
  repository: https://helm.influxdata.com/
  version: 1.8.42
digest: sha256:982e76c226551c0e835c96fcadedd9a517440970330586cf9c0b1998c530861e
generated: "2024-02-29T17:05:41.791955681+01:00"
